
Microsoft Visual Studio Solution File, Format Version 12.00
# Visual Studio 15
VisualStudioVersion = 15.0.26730.3
MinimumVisualStudioVersion = 10.0.40219.1
Project("{FAE04EC0-301F-11D3-BF4B-00C04F79EFBC}") = "BlogUsingEF", "BlogUsingEF\BlogUsingEF.csproj", "{59F5506C-9FF0-4794-8F01-7A16A1B0C64B}"
EndProject
Project("{FAE04EC0-301F-11D3-BF4B-00C04F79EFBC}") = "BlogUsingEF.DAL", "BlogUsingEF.DAL\BlogUsingEF.DAL.csproj", "{45A7750B-DBB7-4773-84B3-34464A81675A}"
EndProject
Project("{FAE04EC0-301F-11D3-BF4B-00C04F79EFBC}") = "BlogUsingEF.BLL", "BlogUsingEF.BLL\BlogUsingEF.BLL.csproj", "{FD68F647-C25D-421B-9C83-3EF15CFE6732}"
EndProject
Global
	GlobalSection(SolutionConfigurationPlatforms) = preSolution
		Debug|Any CPU = Debug|Any CPU
		Release|Any CPU = Release|Any CPU
	EndGlobalSection
	GlobalSection(ProjectConfigurationPlatforms) = postSolution
		{59F5506C-9FF0-4794-8F01-7A16A1B0C64B}.Debug|Any CPU.ActiveCfg = Debug|Any CPU
		{59F5506C-9FF0-4794-8F01-7A16A1B0C64B}.Debug|Any CPU.Build.0 = Debug|Any CPU
		{59F5506C-9FF0-4794-8F01-7A16A1B0C64B}.Release|Any CPU.ActiveCfg = Release|Any CPU
		{59F5506C-9FF0-4794-8F01-7A16A1B0C64B}.Release|Any CPU.Build.0 = Release|Any CPU
		{45A7750B-DBB7-4773-84B3-34464A81675A}.Debug|Any CPU.ActiveCfg = Debug|Any CPU
		{45A7750B-DBB7-4773-84B3-34464A81675A}.Debug|Any CPU.Build.0 = Debug|Any CPU
		{45A7750B-DBB7-4773-84B3-34464A81675A}.Release|Any CPU.ActiveCfg = Release|Any CPU
		{45A7750B-DBB7-4773-84B3-34464A81675A}.Release|Any CPU.Build.0 = Release|Any CPU
		{FD68F647-C25D-421B-9C83-3EF15CFE6732}.Debug|Any CPU.ActiveCfg = Debug|Any CPU
		{FD68F647-C25D-421B-9C83-3EF15CFE6732}.Debug|Any CPU.Build.0 = Debug|Any CPU
		{FD68F647-C25D-421B-9C83-3EF15CFE6732}.Release|Any CPU.ActiveCfg = Release|Any CPU
		{FD68F647-C25D-421B-9C83-3EF15CFE6732}.Release|Any CPU.Build.0 = Release|Any CPU
	EndGlobalSection
	GlobalSection(SolutionProperties) = preSolution
		HideSolutionNode = FALSE
	EndGlobalSection
	GlobalSection(ExtensibilityGlobals) = postSolution
		SolutionGuid = {6D0BA1A6-B401-45CF-80BA-5293216990E0}
	EndGlobalSection
EndGlobal
